// !$*UTF8*$!
{
	archiveVersion = 1;
	classes = {
	};
	objectVersion = 56;
	objects = {

/* Begin PBXBuildFile section */
		57C6538E2A85BAA200C792D2 /* ReusableViewProtocol.swift in Sources */ = {isa = PBXBuildFile; fileRef = 57C6538D2A85BAA200C792D2 /* ReusableViewProtocol.swift */; };
		57C653902A85BCFF00C792D2 /* UserDefaultsHelper.swift in Sources */ = {isa = PBXBuildFile; fileRef = 57C6538F2A85BCFF00C792D2 /* UserDefaultsHelper.swift */; };
		57C653922A85C50F00C792D2 /* EndPoint.swift in Sources */ = {isa = PBXBuildFile; fileRef = 57C653912A85C50F00C792D2 /* EndPoint.swift */; };
		57C653952A85C5E600C792D2 /* URL+.swift in Sources */ = {isa = PBXBuildFile; fileRef = 57C653942A85C5E600C792D2 /* URL+.swift */; };
		57C653972A85C78500C792D2 /* KakaoAPIManager.swift in Sources */ = {isa = PBXBuildFile; fileRef = 57C653962A85C78500C792D2 /* KakaoAPIManager.swift */; };
		57C653992A85E39000C792D2 /* TranslateAPIManager.swift in Sources */ = {isa = PBXBuildFile; fileRef = 57C653982A85E39000C792D2 /* TranslateAPIManager.swift */; };
		57C6539B2A85F9ED00C792D2 /* AsyncViewController.swift in Sources */ = {isa = PBXBuildFile; fileRef = 57C6539A2A85F9ED00C792D2 /* AsyncViewController.swift */; };
		57C653F22A8A031B00C792D2 /* BoxOffice.swift in Sources */ = {isa = PBXBuildFile; fileRef = 57C653F12A8A031B00C792D2 /* BoxOffice.swift */; };
		57D371862A809676001A5029 /* AppDelegate.swift in Sources */ = {isa = PBXBuildFile; fileRef = 57D371852A809676001A5029 /* AppDelegate.swift */; };
		57D371882A809676001A5029 /* SceneDelegate.swift in Sources */ = {isa = PBXBuildFile; fileRef = 57D371872A809676001A5029 /* SceneDelegate.swift */; };
		57D3718A2A809676001A5029 /* ViewController.swift in Sources */ = {isa = PBXBuildFile; fileRef = 57D371892A809676001A5029 /* ViewController.swift */; };
		57D3718D2A809676001A5029 /* Main.storyboard in Resources */ = {isa = PBXBuildFile; fileRef = 57D3718B2A809676001A5029 /* Main.storyboard */; };
		57D3718F2A809678001A5029 /* Assets.xcassets in Resources */ = {isa = PBXBuildFile; fileRef = 57D3718E2A809678001A5029 /* Assets.xcassets */; };
		57D371922A809678001A5029 /* LaunchScreen.storyboard in Resources */ = {isa = PBXBuildFile; fileRef = 57D371902A809678001A5029 /* LaunchScreen.storyboard */; };
		57D3719D2A809702001A5029 /* Alamofire in Frameworks */ = {isa = PBXBuildFile; productRef = 57D3719C2A809702001A5029 /* Alamofire */; };
		57D371A02A809733001A5029 /* SwiftyJSON in Frameworks */ = {isa = PBXBuildFile; productRef = 57D3719F2A809733001A5029 /* SwiftyJSON */; };
		57D371A32A80976D001A5029 /* Kingfisher in Frameworks */ = {isa = PBXBuildFile; productRef = 57D371A22A80976D001A5029 /* Kingfisher */; };
		57D371A52A809B96001A5029 /* .gitignore in Resources */ = {isa = PBXBuildFile; fileRef = 57D371A42A809B96001A5029 /* .gitignore */; };
		57D371A72A809C2D001A5029 /* TranslationViewController.swift in Sources */ = {isa = PBXBuildFile; fileRef = 57D371A62A809C2D001A5029 /* TranslationViewController.swift */; };
		57D371A92A809C61001A5029 /* APIKey.swift in Sources */ = {isa = PBXBuildFile; fileRef = 57D371A82A809C61001A5029 /* APIKey.swift */; };
		57D371AF2A81C4DC001A5029 /* WeatherViewController.swift in Sources */ = {isa = PBXBuildFile; fileRef = 57D371AE2A81C4DC001A5029 /* WeatherViewController.swift */; };
		57D371B12A81E7C9001A5029 /* VideoViewController.swift in Sources */ = {isa = PBXBuildFile; fileRef = 57D371B02A81E7C9001A5029 /* VideoViewController.swift */; };
		57D371B62A8245E5001A5029 /* LotteryViewController.swift in Sources */ = {isa = PBXBuildFile; fileRef = 57D371B52A8245E5001A5029 /* LotteryViewController.swift */; };
		57D371B82A8245F7001A5029 /* Day16.storyboard in Resources */ = {isa = PBXBuildFile; fileRef = 57D371B72A8245F7001A5029 /* Day16.storyboard */; };
		57D371BA2A825C85001A5029 /* BeerViewController.swift in Sources */ = {isa = PBXBuildFile; fileRef = 57D371B92A825C85001A5029 /* BeerViewController.swift */; };
		57D371C22A832329001A5029 /* VideoTableViewCell.swift in Sources */ = {isa = PBXBuildFile; fileRef = 57D371C12A832329001A5029 /* VideoTableViewCell.swift */; };
		57DE2C852A8D00F80032C4CA /* Video.swift in Sources */ = {isa = PBXBuildFile; fileRef = 57DE2C842A8D00F80032C4CA /* Video.swift */; };
		57EA23AE2AB1CD1700ABC911 /* LottoViewModel.swift in Sources */ = {isa = PBXBuildFile; fileRef = 57EA23AD2AB1CD1700ABC911 /* LottoViewModel.swift */; };
		57EA23B02AB1CD2900ABC911 /* Observable.swift in Sources */ = {isa = PBXBuildFile; fileRef = 57EA23AF2AB1CD2900ABC911 /* Observable.swift */; };
		57EA23B22AB1CDDB00ABC911 /* Lotto.swift in Sources */ = {isa = PBXBuildFile; fileRef = 57EA23B12AB1CDDB00ABC911 /* Lotto.swift */; };
		57EA23B42AB1D8C800ABC911 /* LottoAPI.swift in Sources */ = {isa = PBXBuildFile; fileRef = 57EA23B32AB1D8C800ABC911 /* LottoAPI.swift */; };
/* End PBXBuildFile section */

/* Begin PBXFileReference section */
		57C6538D2A85BAA200C792D2 /* ReusableViewProtocol.swift */ = {isa = PBXFileReference; lastKnownFileType = sourcecode.swift; path = ReusableViewProtocol.swift; sourceTree = "<group>"; };
		57C6538F2A85BCFF00C792D2 /* UserDefaultsHelper.swift */ = {isa = PBXFileReference; lastKnownFileType = sourcecode.swift; path = UserDefaultsHelper.swift; sourceTree = "<group>"; };
		57C653912A85C50F00C792D2 /* EndPoint.swift */ = {isa = PBXFileReference; lastKnownFileType = sourcecode.swift; path = EndPoint.swift; sourceTree = "<group>"; };
		57C653942A85C5E600C792D2 /* URL+.swift */ = {isa = PBXFileReference; lastKnownFileType = sourcecode.swift; path = "URL+.swift"; sourceTree = "<group>"; };
		57C653962A85C78500C792D2 /* KakaoAPIManager.swift */ = {isa = PBXFileReference; lastKnownFileType = sourcecode.swift; path = KakaoAPIManager.swift; sourceTree = "<group>"; };
		57C653982A85E39000C792D2 /* TranslateAPIManager.swift */ = {isa = PBXFileReference; lastKnownFileType = sourcecode.swift; path = TranslateAPIManager.swift; sourceTree = "<group>"; };
		57C6539A2A85F9ED00C792D2 /* AsyncViewController.swift */ = {isa = PBXFileReference; lastKnownFileType = sourcecode.swift; path = AsyncViewController.swift; sourceTree = "<group>"; };
		57C653F12A8A031B00C792D2 /* BoxOffice.swift */ = {isa = PBXFileReference; lastKnownFileType = sourcecode.swift; path = BoxOffice.swift; sourceTree = "<group>"; };
		57D371822A809676001A5029 /* SeSAC3Week4.app */ = {isa = PBXFileReference; explicitFileType = wrapper.application; includeInIndex = 0; path = SeSAC3Week4.app; sourceTree = BUILT_PRODUCTS_DIR; };
		57D371852A809676001A5029 /* AppDelegate.swift */ = {isa = PBXFileReference; lastKnownFileType = sourcecode.swift; path = AppDelegate.swift; sourceTree = "<group>"; };
		57D371872A809676001A5029 /* SceneDelegate.swift */ = {isa = PBXFileReference; lastKnownFileType = sourcecode.swift; path = SceneDelegate.swift; sourceTree = "<group>"; };
		57D371892A809676001A5029 /* ViewController.swift */ = {isa = PBXFileReference; lastKnownFileType = sourcecode.swift; path = ViewController.swift; sourceTree = "<group>"; };
		57D3718C2A809676001A5029 /* Base */ = {isa = PBXFileReference; lastKnownFileType = file.storyboard; name = Base; path = Base.lproj/Main.storyboard; sourceTree = "<group>"; };
		57D3718E2A809678001A5029 /* Assets.xcassets */ = {isa = PBXFileReference; lastKnownFileType = folder.assetcatalog; path = Assets.xcassets; sourceTree = "<group>"; };
		57D371912A809678001A5029 /* Base */ = {isa = PBXFileReference; lastKnownFileType = file.storyboard; name = Base; path = Base.lproj/LaunchScreen.storyboard; sourceTree = "<group>"; };
		57D371932A809678001A5029 /* Info.plist */ = {isa = PBXFileReference; lastKnownFileType = text.plist.xml; path = Info.plist; sourceTree = "<group>"; };
		57D371A42A809B96001A5029 /* .gitignore */ = {isa = PBXFileReference; lastKnownFileType = text; path = .gitignore; sourceTree = "<group>"; };
		57D371A62A809C2D001A5029 /* TranslationViewController.swift */ = {isa = PBXFileReference; lastKnownFileType = sourcecode.swift; path = TranslationViewController.swift; sourceTree = "<group>"; };
		57D371A82A809C61001A5029 /* APIKey.swift */ = {isa = PBXFileReference; lastKnownFileType = sourcecode.swift; path = APIKey.swift; sourceTree = "<group>"; };
		57D371AE2A81C4DC001A5029 /* WeatherViewController.swift */ = {isa = PBXFileReference; lastKnownFileType = sourcecode.swift; path = WeatherViewController.swift; sourceTree = "<group>"; };
		57D371B02A81E7C9001A5029 /* VideoViewController.swift */ = {isa = PBXFileReference; lastKnownFileType = sourcecode.swift; path = VideoViewController.swift; sourceTree = "<group>"; };
		57D371B52A8245E5001A5029 /* LotteryViewController.swift */ = {isa = PBXFileReference; lastKnownFileType = sourcecode.swift; path = LotteryViewController.swift; sourceTree = "<group>"; };
		57D371B72A8245F7001A5029 /* Day16.storyboard */ = {isa = PBXFileReference; lastKnownFileType = file.storyboard; path = Day16.storyboard; sourceTree = "<group>"; };
		57D371B92A825C85001A5029 /* BeerViewController.swift */ = {isa = PBXFileReference; lastKnownFileType = sourcecode.swift; path = BeerViewController.swift; sourceTree = "<group>"; };
		57D371C12A832329001A5029 /* VideoTableViewCell.swift */ = {isa = PBXFileReference; lastKnownFileType = sourcecode.swift; path = VideoTableViewCell.swift; sourceTree = "<group>"; };
		57D371D32A847BDD001A5029 /* FirstClassObject.playground */ = {isa = PBXFileReference; lastKnownFileType = file.playground; path = FirstClassObject.playground; sourceTree = "<group>"; xcLanguageSpecificationIdentifier = xcode.lang.swift; };
		57DE2C842A8D00F80032C4CA /* Video.swift */ = {isa = PBXFileReference; lastKnownFileType = sourcecode.swift; path = Video.swift; sourceTree = "<group>"; };
		57EA23AD2AB1CD1700ABC911 /* LottoViewModel.swift */ = {isa = PBXFileReference; lastKnownFileType = sourcecode.swift; path = LottoViewModel.swift; sourceTree = "<group>"; };
		57EA23AF2AB1CD2900ABC911 /* Observable.swift */ = {isa = PBXFileReference; lastKnownFileType = sourcecode.swift; path = Observable.swift; sourceTree = "<group>"; };
		57EA23B12AB1CDDB00ABC911 /* Lotto.swift */ = {isa = PBXFileReference; lastKnownFileType = sourcecode.swift; path = Lotto.swift; sourceTree = "<group>"; };
		57EA23B32AB1D8C800ABC911 /* LottoAPI.swift */ = {isa = PBXFileReference; lastKnownFileType = sourcecode.swift; path = LottoAPI.swift; sourceTree = "<group>"; };
/* End PBXFileReference section */

/* Begin PBXFrameworksBuildPhase section */
		57D3717F2A809676001A5029 /* Frameworks */ = {
			isa = PBXFrameworksBuildPhase;
			buildActionMask = 2147483647;
			files = (
				57D371A32A80976D001A5029 /* Kingfisher in Frameworks */,
				57D371A02A809733001A5029 /* SwiftyJSON in Frameworks */,
				57D3719D2A809702001A5029 /* Alamofire in Frameworks */,
			);
			runOnlyForDeploymentPostprocessing = 0;
		};
/* End PBXFrameworksBuildPhase section */

/* Begin PBXGroup section */
		57C653932A85C5D700C792D2 /* Extension */ = {
			isa = PBXGroup;
			children = (
				57C653942A85C5E600C792D2 /* URL+.swift */,
			);
			path = Extension;
			sourceTree = "<group>";
		};
		57D371792A809676001A5029 = {
			isa = PBXGroup;
			children = (
				57D371842A809676001A5029 /* SeSAC3Week4 */,
				57D371832A809676001A5029 /* Products */,
			);
			sourceTree = "<group>";
		};
		57D371832A809676001A5029 /* Products */ = {
			isa = PBXGroup;
			children = (
				57D371822A809676001A5029 /* SeSAC3Week4.app */,
			);
			name = Products;
			sourceTree = "<group>";
		};
		57D371842A809676001A5029 /* SeSAC3Week4 */ = {
			isa = PBXGroup;
			children = (
				57D371992A809692001A5029 /* 수업 */,
				57D3719A2A809698001A5029 /* 과제 */,
				57D371D32A847BDD001A5029 /* FirstClassObject.playground */,
				57D371A42A809B96001A5029 /* .gitignore */,
				57D371852A809676001A5029 /* AppDelegate.swift */,
				57D371872A809676001A5029 /* SceneDelegate.swift */,
				57D3718E2A809678001A5029 /* Assets.xcassets */,
				57D371902A809678001A5029 /* LaunchScreen.storyboard */,
				57D371932A809678001A5029 /* Info.plist */,
			);
			path = SeSAC3Week4;
			sourceTree = "<group>";
		};
		57D371992A809692001A5029 /* 수업 */ = {
			isa = PBXGroup;
			children = (
				57D371B22A824533001A5029 /* Day16,17,18,19,20 */,
			);
			name = "수업";
			path = "수업";
			sourceTree = "<group>";
		};
		57D3719A2A809698001A5029 /* 과제 */ = {
			isa = PBXGroup;
			children = (
				57D371B72A8245F7001A5029 /* Day16.storyboard */,
				57D371B32A824586001A5029 /* Lotto */,
				57EA23AC2AB1CCFF00ABC911 /* Beer */,
				57D371B42A82458C001A5029 /* Day17 */,
			);
			name = "과제";
			path = "과제";
			sourceTree = "<group>";
		};
		57D371B22A824533001A5029 /* Day16,17,18,19,20 */ = {
			isa = PBXGroup;
			children = (
				57C653F12A8A031B00C792D2 /* BoxOffice.swift */,
				57D371892A809676001A5029 /* ViewController.swift */,
				57D371A62A809C2D001A5029 /* TranslationViewController.swift */,
				57D3718B2A809676001A5029 /* Main.storyboard */,
				57C6539A2A85F9ED00C792D2 /* AsyncViewController.swift */,
				57D371AE2A81C4DC001A5029 /* WeatherViewController.swift */,
				57DE2C862A8D06B10032C4CA /* Video */,
				57D371A82A809C61001A5029 /* APIKey.swift */,
				57C6538D2A85BAA200C792D2 /* ReusableViewProtocol.swift */,
				57C6538F2A85BCFF00C792D2 /* UserDefaultsHelper.swift */,
				57C653912A85C50F00C792D2 /* EndPoint.swift */,
				57C653962A85C78500C792D2 /* KakaoAPIManager.swift */,
				57C653982A85E39000C792D2 /* TranslateAPIManager.swift */,
				57C653932A85C5D700C792D2 /* Extension */,
			);
			path = "Day16,17,18,19,20";
			sourceTree = "<group>";
		};
		57D371B32A824586001A5029 /* Lotto */ = {
			isa = PBXGroup;
			children = (
				57EA23B12AB1CDDB00ABC911 /* Lotto.swift */,
				57EA23AD2AB1CD1700ABC911 /* LottoViewModel.swift */,
				57D371B52A8245E5001A5029 /* LotteryViewController.swift */,
				57EA23AF2AB1CD2900ABC911 /* Observable.swift */,
				57EA23B32AB1D8C800ABC911 /* LottoAPI.swift */,
			);
			path = Lotto;
			sourceTree = "<group>";
		};
		57D371B42A82458C001A5029 /* Day17 */ = {
			isa = PBXGroup;
			children = (
			);
			path = Day17;
			sourceTree = "<group>";
		};
		57DE2C862A8D06B10032C4CA /* Video */ = {
			isa = PBXGroup;
			children = (
				57D371B02A81E7C9001A5029 /* VideoViewController.swift */,
				57D371C12A832329001A5029 /* VideoTableViewCell.swift */,
				57DE2C842A8D00F80032C4CA /* Video.swift */,
			);
			path = Video;
			sourceTree = "<group>";
		};
		57EA23AC2AB1CCFF00ABC911 /* Beer */ = {
			isa = PBXGroup;
			children = (
				57D371B92A825C85001A5029 /* BeerViewController.swift */,
			);
			path = Beer;
			sourceTree = "<group>";
		};
/* End PBXGroup section */

/* Begin PBXNativeTarget section */
		57D371812A809676001A5029 /* SeSAC3Week4 */ = {
			isa = PBXNativeTarget;
			buildConfigurationList = 57D371962A809678001A5029 /* Build configuration list for PBXNativeTarget "SeSAC3Week4" */;
			buildPhases = (
				57D3717E2A809676001A5029 /* Sources */,
				57D3717F2A809676001A5029 /* Frameworks */,
				57D371802A809676001A5029 /* Resources */,
			);
			buildRules = (
			);
			dependencies = (
			);
			name = SeSAC3Week4;
			packageProductDependencies = (
				57D3719C2A809702001A5029 /* Alamofire */,
				57D3719F2A809733001A5029 /* SwiftyJSON */,
				57D371A22A80976D001A5029 /* Kingfisher */,
			);
			productName = SeSAC3Week4;
			productReference = 57D371822A809676001A5029 /* SeSAC3Week4.app */;
			productType = "com.apple.product-type.application";
		};
/* End PBXNativeTarget section */

/* Begin PBXProject section */
		57D3717A2A809676001A5029 /* Project object */ = {
			isa = PBXProject;
			attributes = {
				BuildIndependentTargetsInParallel = 1;
				LastSwiftUpdateCheck = 1420;
				LastUpgradeCheck = 1420;
				TargetAttributes = {
					57D371812A809676001A5029 = {
						CreatedOnToolsVersion = 14.2;
					};
				};
			};
			buildConfigurationList = 57D3717D2A809676001A5029 /* Build configuration list for PBXProject "SeSAC3Week4" */;
			compatibilityVersion = "Xcode 14.0";
			developmentRegion = en;
			hasScannedForEncodings = 0;
			knownRegions = (
				en,
				Base,
			);
			mainGroup = 57D371792A809676001A5029;
			packageReferences = (
				57D3719B2A809701001A5029 /* XCRemoteSwiftPackageReference "Alamofire" */,
				57D3719E2A809733001A5029 /* XCRemoteSwiftPackageReference "SwiftyJSON" */,
				57D371A12A80976D001A5029 /* XCRemoteSwiftPackageReference "Kingfisher" */,
			);
			productRefGroup = 57D371832A809676001A5029 /* Products */;
			projectDirPath = "";
			projectRoot = "";
			targets = (
				57D371812A809676001A5029 /* SeSAC3Week4 */,
			);
		};
/* End PBXProject section */

/* Begin PBXResourcesBuildPhase section */
		57D371802A809676001A5029 /* Resources */ = {
			isa = PBXResourcesBuildPhase;
			buildActionMask = 2147483647;
			files = (
				57D371A52A809B96001A5029 /* .gitignore in Resources */,
				57D371922A809678001A5029 /* LaunchScreen.storyboard in Resources */,
				57D3718F2A809678001A5029 /* Assets.xcassets in Resources */,
				57D3718D2A809676001A5029 /* Main.storyboard in Resources */,
				57D371B82A8245F7001A5029 /* Day16.storyboard in Resources */,
			);
			runOnlyForDeploymentPostprocessing = 0;
		};
/* End PBXResourcesBuildPhase section */

/* Begin PBXSourcesBuildPhase section */
		57D3717E2A809676001A5029 /* Sources */ = {
			isa = PBXSourcesBuildPhase;
			buildActionMask = 2147483647;
			files = (
				57C653922A85C50F00C792D2 /* EndPoint.swift in Sources */,
				57D371B62A8245E5001A5029 /* LotteryViewController.swift in Sources */,
				57C653972A85C78500C792D2 /* KakaoAPIManager.swift in Sources */,
				57D371BA2A825C85001A5029 /* BeerViewController.swift in Sources */,
				57D371A72A809C2D001A5029 /* TranslationViewController.swift in Sources */,
				57EA23AE2AB1CD1700ABC911 /* LottoViewModel.swift in Sources */,
				57D371B12A81E7C9001A5029 /* VideoViewController.swift in Sources */,
				57D371AF2A81C4DC001A5029 /* WeatherViewController.swift in Sources */,
				57C653992A85E39000C792D2 /* TranslateAPIManager.swift in Sources */,
				57D3718A2A809676001A5029 /* ViewController.swift in Sources */,
				57EA23B02AB1CD2900ABC911 /* Observable.swift in Sources */,
				57C653F22A8A031B00C792D2 /* BoxOffice.swift in Sources */,
				57C653902A85BCFF00C792D2 /* UserDefaultsHelper.swift in Sources */,
				57D371862A809676001A5029 /* AppDelegate.swift in Sources */,
				57C653952A85C5E600C792D2 /* URL+.swift in Sources */,
				57D371882A809676001A5029 /* SceneDelegate.swift in Sources */,
				57D371A92A809C61001A5029 /* APIKey.swift in Sources */,
				57DE2C852A8D00F80032C4CA /* Video.swift in Sources */,
				57EA23B22AB1CDDB00ABC911 /* Lotto.swift in Sources */,
				57C6538E2A85BAA200C792D2 /* ReusableViewProtocol.swift in Sources */,
				57EA23B42AB1D8C800ABC911 /* LottoAPI.swift in Sources */,
				57D371C22A832329001A5029 /* VideoTableViewCell.swift in Sources */,
				57C6539B2A85F9ED00C792D2 /* AsyncViewController.swift in Sources */,
			);
			runOnlyForDeploymentPostprocessing = 0;
		};
/* End PBXSourcesBuildPhase section */

/* Begin PBXVariantGroup section */
		57D3718B2A809676001A5029 /* Main.storyboard */ = {
			isa = PBXVariantGroup;
			children = (
				57D3718C2A809676001A5029 /* Base */,
			);
			name = Main.storyboard;
			sourceTree = "<group>";
		};
		57D371902A809678001A5029 /* LaunchScreen.storyboard */ = {
			isa = PBXVariantGroup;
			children = (
				57D371912A809678001A5029 /* Base */,
			);
			name = LaunchScreen.storyboard;
			sourceTree = "<group>";
		};
/* End PBXVariantGroup section */

/* Begin XCBuildConfiguration section */
		57D371942A809678001A5029 /* Debug */ = {
			isa = XCBuildConfiguration;
			buildSettings = {
				ALWAYS_SEARCH_USER_PATHS = NO;
				CLANG_ANALYZER_NONNULL = YES;
				CLANG_ANALYZER_NUMBER_OBJECT_CONVERSION = YES_AGGRESSIVE;
				CLANG_CXX_LANGUAGE_STANDARD = "gnu++20";
				CLANG_ENABLE_MODULES = YES;
				CLANG_ENABLE_OBJC_ARC = YES;
				CLANG_ENABLE_OBJC_WEAK = YES;
				CLANG_WARN_BLOCK_CAPTURE_AUTORELEASING = YES;
				CLANG_WARN_BOOL_CONVERSION = YES;
				CLANG_WARN_COMMA = YES;
				CLANG_WARN_CONSTANT_CONVERSION = YES;
				CLANG_WARN_DEPRECATED_OBJC_IMPLEMENTATIONS = YES;
				CLANG_WARN_DIRECT_OBJC_ISA_USAGE = YES_ERROR;
				CLANG_WARN_DOCUMENTATION_COMMENTS = YES;
				CLANG_WARN_EMPTY_BODY = YES;
				CLANG_WARN_ENUM_CONVERSION = YES;
				CLANG_WARN_INFINITE_RECURSION = YES;
				CLANG_WARN_INT_CONVERSION = YES;
				CLANG_WARN_NON_LITERAL_NULL_CONVERSION = YES;
				CLANG_WARN_OBJC_IMPLICIT_RETAIN_SELF = YES;
				CLANG_WARN_OBJC_LITERAL_CONVERSION = YES;
				CLANG_WARN_OBJC_ROOT_CLASS = YES_ERROR;
				CLANG_WARN_QUOTED_INCLUDE_IN_FRAMEWORK_HEADER = YES;
				CLANG_WARN_RANGE_LOOP_ANALYSIS = YES;
				CLANG_WARN_STRICT_PROTOTYPES = YES;
				CLANG_WARN_SUSPICIOUS_MOVE = YES;
				CLANG_WARN_UNGUARDED_AVAILABILITY = YES_AGGRESSIVE;
				CLANG_WARN_UNREACHABLE_CODE = YES;
				CLANG_WARN__DUPLICATE_METHOD_MATCH = YES;
				COPY_PHASE_STRIP = NO;
				DEBUG_INFORMATION_FORMAT = dwarf;
				ENABLE_STRICT_OBJC_MSGSEND = YES;
				ENABLE_TESTABILITY = YES;
				GCC_C_LANGUAGE_STANDARD = gnu11;
				GCC_DYNAMIC_NO_PIC = NO;
				GCC_NO_COMMON_BLOCKS = YES;
				GCC_OPTIMIZATION_LEVEL = 0;
				GCC_PREPROCESSOR_DEFINITIONS = (
					"DEBUG=1",
					"$(inherited)",
				);
				GCC_WARN_64_TO_32_BIT_CONVERSION = YES;
				GCC_WARN_ABOUT_RETURN_TYPE = YES_ERROR;
				GCC_WARN_UNDECLARED_SELECTOR = YES;
				GCC_WARN_UNINITIALIZED_AUTOS = YES_AGGRESSIVE;
				GCC_WARN_UNUSED_FUNCTION = YES;
				GCC_WARN_UNUSED_VARIABLE = YES;
				IPHONEOS_DEPLOYMENT_TARGET = 16.2;
				MTL_ENABLE_DEBUG_INFO = INCLUDE_SOURCE;
				MTL_FAST_MATH = YES;
				ONLY_ACTIVE_ARCH = YES;
				SDKROOT = iphoneos;
				SWIFT_ACTIVE_COMPILATION_CONDITIONS = DEBUG;
				SWIFT_OPTIMIZATION_LEVEL = "-Onone";
			};
			name = Debug;
		};
		57D371952A809678001A5029 /* Release */ = {
			isa = XCBuildConfiguration;
			buildSettings = {
				ALWAYS_SEARCH_USER_PATHS = NO;
				CLANG_ANALYZER_NONNULL = YES;
				CLANG_ANALYZER_NUMBER_OBJECT_CONVERSION = YES_AGGRESSIVE;
				CLANG_CXX_LANGUAGE_STANDARD = "gnu++20";
				CLANG_ENABLE_MODULES = YES;
				CLANG_ENABLE_OBJC_ARC = YES;
				CLANG_ENABLE_OBJC_WEAK = YES;
				CLANG_WARN_BLOCK_CAPTURE_AUTORELEASING = YES;
				CLANG_WARN_BOOL_CONVERSION = YES;
				CLANG_WARN_COMMA = YES;
				CLANG_WARN_CONSTANT_CONVERSION = YES;
				CLANG_WARN_DEPRECATED_OBJC_IMPLEMENTATIONS = YES;
				CLANG_WARN_DIRECT_OBJC_ISA_USAGE = YES_ERROR;
				CLANG_WARN_DOCUMENTATION_COMMENTS = YES;
				CLANG_WARN_EMPTY_BODY = YES;
				CLANG_WARN_ENUM_CONVERSION = YES;
				CLANG_WARN_INFINITE_RECURSION = YES;
				CLANG_WARN_INT_CONVERSION = YES;
				CLANG_WARN_NON_LITERAL_NULL_CONVERSION = YES;
				CLANG_WARN_OBJC_IMPLICIT_RETAIN_SELF = YES;
				CLANG_WARN_OBJC_LITERAL_CONVERSION = YES;
				CLANG_WARN_OBJC_ROOT_CLASS = YES_ERROR;
				CLANG_WARN_QUOTED_INCLUDE_IN_FRAMEWORK_HEADER = YES;
				CLANG_WARN_RANGE_LOOP_ANALYSIS = YES;
				CLANG_WARN_STRICT_PROTOTYPES = YES;
				CLANG_WARN_SUSPICIOUS_MOVE = YES;
				CLANG_WARN_UNGUARDED_AVAILABILITY = YES_AGGRESSIVE;
				CLANG_WARN_UNREACHABLE_CODE = YES;
				CLANG_WARN__DUPLICATE_METHOD_MATCH = YES;
				COPY_PHASE_STRIP = NO;
				DEBUG_INFORMATION_FORMAT = "dwarf-with-dsym";
				ENABLE_NS_ASSERTIONS = NO;
				ENABLE_STRICT_OBJC_MSGSEND = YES;
				GCC_C_LANGUAGE_STANDARD = gnu11;
				GCC_NO_COMMON_BLOCKS = YES;
				GCC_WARN_64_TO_32_BIT_CONVERSION = YES;
				GCC_WARN_ABOUT_RETURN_TYPE = YES_ERROR;
				GCC_WARN_UNDECLARED_SELECTOR = YES;
				GCC_WARN_UNINITIALIZED_AUTOS = YES_AGGRESSIVE;
				GCC_WARN_UNUSED_FUNCTION = YES;
				GCC_WARN_UNUSED_VARIABLE = YES;
				IPHONEOS_DEPLOYMENT_TARGET = 16.2;
				MTL_ENABLE_DEBUG_INFO = NO;
				MTL_FAST_MATH = YES;
				SDKROOT = iphoneos;
				SWIFT_COMPILATION_MODE = wholemodule;
				SWIFT_OPTIMIZATION_LEVEL = "-O";
				VALIDATE_PRODUCT = YES;
			};
			name = Release;
		};
		57D371972A809678001A5029 /* Debug */ = {
			isa = XCBuildConfiguration;
			buildSettings = {
				ASSETCATALOG_COMPILER_APPICON_NAME = AppIcon;
				ASSETCATALOG_COMPILER_GLOBAL_ACCENT_COLOR_NAME = AccentColor;
				CODE_SIGN_STYLE = Automatic;
				CURRENT_PROJECT_VERSION = 1;
				DEVELOPMENT_TEAM = 86BUJA8T6M;
				GENERATE_INFOPLIST_FILE = YES;
				INFOPLIST_FILE = SeSAC3Week4/Info.plist;
				INFOPLIST_KEY_UIApplicationSupportsIndirectInputEvents = YES;
				INFOPLIST_KEY_UILaunchStoryboardName = LaunchScreen;
				INFOPLIST_KEY_UIMainStoryboardFile = Main;
				INFOPLIST_KEY_UISupportedInterfaceOrientations_iPad = "UIInterfaceOrientationPortrait UIInterfaceOrientationPortraitUpsideDown UIInterfaceOrientationLandscapeLeft UIInterfaceOrientationLandscapeRight";
				INFOPLIST_KEY_UISupportedInterfaceOrientations_iPhone = "UIInterfaceOrientationPortrait UIInterfaceOrientationLandscapeLeft UIInterfaceOrientationLandscapeRight";
				LD_RUNPATH_SEARCH_PATHS = (
					"$(inherited)",
					"@executable_path/Frameworks",
				);
				MARKETING_VERSION = 1.0;
				PRODUCT_BUNDLE_IDENTIFIER = com.prodvssw.98.SeSAC3Week4;
				PRODUCT_NAME = "$(TARGET_NAME)";
				SWIFT_EMIT_LOC_STRINGS = YES;
				SWIFT_VERSION = 5.0;
				TARGETED_DEVICE_FAMILY = "1,2";
			};
			name = Debug;
		};
		57D371982A809678001A5029 /* Release */ = {
			isa = XCBuildConfiguration;
			buildSettings = {
				ASSETCATALOG_COMPILER_APPICON_NAME = AppIcon;
				ASSETCATALOG_COMPILER_GLOBAL_ACCENT_COLOR_NAME = AccentColor;
				CODE_SIGN_STYLE = Automatic;
				CURRENT_PROJECT_VERSION = 1;
				DEVELOPMENT_TEAM = 86BUJA8T6M;
				GENERATE_INFOPLIST_FILE = YES;
				INFOPLIST_FILE = SeSAC3Week4/Info.plist;
				INFOPLIST_KEY_UIApplicationSupportsIndirectInputEvents = YES;
				INFOPLIST_KEY_UILaunchStoryboardName = LaunchScreen;
				INFOPLIST_KEY_UIMainStoryboardFile = Main;
				INFOPLIST_KEY_UISupportedInterfaceOrientations_iPad = "UIInterfaceOrientationPortrait UIInterfaceOrientationPortraitUpsideDown UIInterfaceOrientationLandscapeLeft UIInterfaceOrientationLandscapeRight";
				INFOPLIST_KEY_UISupportedInterfaceOrientations_iPhone = "UIInterfaceOrientationPortrait UIInterfaceOrientationLandscapeLeft UIInterfaceOrientationLandscapeRight";
				LD_RUNPATH_SEARCH_PATHS = (
					"$(inherited)",
					"@executable_path/Frameworks",
				);
				MARKETING_VERSION = 1.0;
				PRODUCT_BUNDLE_IDENTIFIER = com.prodvssw.98.SeSAC3Week4;
				PRODUCT_NAME = "$(TARGET_NAME)";
				SWIFT_EMIT_LOC_STRINGS = YES;
				SWIFT_VERSION = 5.0;
				TARGETED_DEVICE_FAMILY = "1,2";
			};
			name = Release;
		};
/* End XCBuildConfiguration section */

/* Begin XCConfigurationList section */
		57D3717D2A809676001A5029 /* Build configuration list for PBXProject "SeSAC3Week4" */ = {
			isa = XCConfigurationList;
			buildConfigurations = (
				57D371942A809678001A5029 /* Debug */,
				57D371952A809678001A5029 /* Release */,
			);
			defaultConfigurationIsVisible = 0;
			defaultConfigurationName = Release;
		};
		57D371962A809678001A5029 /* Build configuration list for PBXNativeTarget "SeSAC3Week4" */ = {
			isa = XCConfigurationList;
			buildConfigurations = (
				57D371972A809678001A5029 /* Debug */,
				57D371982A809678001A5029 /* Release */,
			);
			defaultConfigurationIsVisible = 0;
			defaultConfigurationName = Release;
		};
/* End XCConfigurationList section */

/* Begin XCRemoteSwiftPackageReference section */
		57D3719B2A809701001A5029 /* XCRemoteSwiftPackageReference "Alamofire" */ = {
			isa = XCRemoteSwiftPackageReference;
			repositoryURL = "https://github.com/Alamofire/Alamofire.git";
			requirement = {
				kind = upToNextMajorVersion;
				minimumVersion = 5.0.0;
			};
		};
		57D3719E2A809733001A5029 /* XCRemoteSwiftPackageReference "SwiftyJSON" */ = {
			isa = XCRemoteSwiftPackageReference;
			repositoryURL = "https://github.com/SwiftyJSON/SwiftyJSON.git";
			requirement = {
				kind = upToNextMajorVersion;
				minimumVersion = 5.0.0;
			};
		};
		57D371A12A80976D001A5029 /* XCRemoteSwiftPackageReference "Kingfisher" */ = {
			isa = XCRemoteSwiftPackageReference;
			repositoryURL = "https://github.com/onevcat/Kingfisher.git";
			requirement = {
				kind = upToNextMajorVersion;
				minimumVersion = 7.0.0;
			};
		};
/* End XCRemoteSwiftPackageReference section */

/* Begin XCSwiftPackageProductDependency section */
		57D3719C2A809702001A5029 /* Alamofire */ = {
			isa = XCSwiftPackageProductDependency;
			package = 57D3719B2A809701001A5029 /* XCRemoteSwiftPackageReference "Alamofire" */;
			productName = Alamofire;
		};
		57D3719F2A809733001A5029 /* SwiftyJSON */ = {
			isa = XCSwiftPackageProductDependency;
			package = 57D3719E2A809733001A5029 /* XCRemoteSwiftPackageReference "SwiftyJSON" */;
			productName = SwiftyJSON;
		};
		57D371A22A80976D001A5029 /* Kingfisher */ = {
			isa = XCSwiftPackageProductDependency;
			package = 57D371A12A80976D001A5029 /* XCRemoteSwiftPackageReference "Kingfisher" */;
			productName = Kingfisher;
		};
/* End XCSwiftPackageProductDependency section */
	};
	rootObject = 57D3717A2A809676001A5029 /* Project object */;
}
